
Microsoft Visual Studio Solution File, Format Version 11.00
# Visual Studio 2010
Project("{FAE04EC0-301F-11D3-BF4B-00C04F79EFBC}") = "XmlContentTranslator", "XmlContentTranslator\XmlContentTranslator.csproj", "{79BA7CB6-5613-4527-89C3-A4FF42810390}"
EndProject
Global
	GlobalSection(SolutionConfigurationPlatforms) = preSolution
		Debug|Any CPU = Debug|Any CPU
		Release|Any CPU = Release|Any CPU
	EndGlobalSection
	GlobalSection(ProjectConfigurationPlatforms) = postSolution
		{79BA7CB6-5613-4527-89C3-A4FF42810390}.Debug|Any CPU.ActiveCfg = Debug|Any CPU
		{79BA7CB6-5613-4527-89C3-A4FF42810390}.Debug|Any CPU.Build.0 = Debug|Any CPU
		{79BA7CB6-5613-4527-89C3-A4FF42810390}.Release|Any CPU.ActiveCfg = Release|Any CPU
		{79BA7CB6-5613-4527-89C3-A4FF42810390}.Release|Any CPU.Build.0 = Release|Any CPU
	EndGlobalSection
	GlobalSection(SolutionProperties) = preSolution
		HideSolutionNode = FALSE
	EndGlobalSection
EndGlobal
